
Microsoft Visual Studio Solution File, Format Version 12.00
# Visual Studio 2013
VisualStudioVersion = 12.0.31101.0
MinimumVisualStudioVersion = 10.0.40219.1
Project("{FAE04EC0-301F-11D3-BF4B-00C04F79EFBC}") = "ConsultaReceita", "ConsultaReceita\ConsultaReceita.csproj", "{F75E0519-C75C-4AD3-BE23-51776D9E532C}"
EndProject
Global
	GlobalSection(SolutionConfigurationPlatforms) = preSolution
		Debug|Any CPU = Debug|Any CPU
		Release|Any CPU = Release|Any CPU
	EndGlobalSection
	GlobalSection(ProjectConfigurationPlatforms) = postSolution
		{F75E0519-C75C-4AD3-BE23-51776D9E532C}.Debug|Any CPU.ActiveCfg = Debug|Any CPU
		{F75E0519-C75C-4AD3-BE23-51776D9E532C}.Debug|Any CPU.Build.0 = Debug|Any CPU
		{F75E0519-C75C-4AD3-BE23-51776D9E532C}.Release|Any CPU.ActiveCfg = Release|Any CPU
		{F75E0519-C75C-4AD3-BE23-51776D9E532C}.Release|Any CPU.Build.0 = Release|Any CPU
	EndGlobalSection
	GlobalSection(SolutionProperties) = preSolution
		HideSolutionNode = FALSE
	EndGlobalSection
EndGlobal
